
Microsoft Visual Studio Solution File, Format Version 12.00
# Visual Studio Version 17
VisualStudioVersion = 17.14.36414.22
MinimumVisualStudioVersion = 10.0.40219.1
Project("{2150E333-8FDC-42A3-9474-1A3956D46DE8}") = "Task0", "Task0", "{02EA681E-C7D8-13C7-8484-4AC65E1B71E8}"
EndProject
Project("{FAE04EC0-301F-11D3-BF4B-00C04F79EFBC}") = "ConsoleApp1", "ConsoleApp1\ConsoleApp1.csproj", "{78873879-50CC-4EA3-B7EC-C095A0301332}"
EndProject
Project("{2150E333-8FDC-42A3-9474-1A3956D46DE8}") = "Task0", "Task0", "{1DECC722-6A4C-4E0E-9A6D-CA73D454DD6A}"
EndProject
Project("{FAE04EC0-301F-11D3-BF4B-00C04F79EFBC}") = "Tyiu.KochetovAP.Sprint.Task0.V0", "Tyiu.KochetovAP.Sprint.Task0.V0\Tyiu.KochetovAP.Sprint.Task0.V0.csproj", "{52905852-D2A0-49E7-A539-2FC315456352}"
EndProject
Project("{2150E333-8FDC-42A3-9474-1A3956D46DE8}") = "Task1", "Task1", "{9BB22FE6-8FD8-466C-B97F-5681BF2DFD0E}"
EndProject
Project("{FAE04EC0-301F-11D3-BF4B-00C04F79EFBC}") = "Tyuiu.KochetovAP.Sprint1.Task1.V0", "Tyuiu.KochetovAP.Sprint1.Task1.V0\Tyuiu.KochetovAP.Sprint1.Task1.V0.csproj", "{4904EB9D-3CC7-419D-967D-34D0B33D2B96}"
EndProject
Project("{2150E333-8FDC-42A3-9474-1A3956D46DE8}") = "Task2", "Task2", "{D83F4D13-ECB5-4701-9D04-22048A377DA5}"
EndProject
Project("{2150E333-8FDC-42A3-9474-1A3956D46DE8}") = "Task3", "Task3", "{7397224F-E1D9-4E59-9160-CF6CC4DBAA26}"
EndProject
Project("{FAE04EC0-301F-11D3-BF4B-00C04F79EFBC}") = "Tyuiu.KochetovAP.Sprint0.Task3.V0", "Tyuiu.KochetovAP.Sprint0.Task3.V0\Tyuiu.KochetovAP.Sprint0.Task3.V0.csproj", "{2FD2FDCD-2F99-4E23-A08C-07381D222FA3}"
EndProject
Project("{FAE04EC0-301F-11D3-BF4B-00C04F79EFBC}") = "Tyuiu.KochetovAP.Sprint0.Task3.V0.Lib", "Tyuiu.KochetovAP.Sprint0.Task3.V0.Lib\Tyuiu.KochetovAP.Sprint0.Task3.V0.Lib.csproj", "{C8C85CDF-BF5C-464C-90F0-2E449B8C67B0}"
EndProject
Project("{FAE04EC0-301F-11D3-BF4B-00C04F79EFBC}") = "Tyuiu.KochetovAP.Sprint0.Task3.V0.Test", "Tyuiu.KochetovAP.Sprint0.Task3.V0.Test\Tyuiu.KochetovAP.Sprint0.Task3.V0.Test.csproj", "{022A720D-B005-40F0-928D-644EF9C6EB87}"
EndProject
Project("{2150E333-8FDC-42A3-9474-1A3956D46DE8}") = "Task4", "Task4", "{5414C1A1-E37A-4EE8-B369-3F190CE13E09}"
EndProject
Project("{FAE04EC0-301F-11D3-BF4B-00C04F79EFBC}") = "Tyuiu.KochetovAP.Sprint0.Task4.V0", "Tyuiu.KochetovAP.Sprint0.Task4.V0\Tyuiu.KochetovAP.Sprint0.Task4.V0.csproj", "{87594427-4F5E-48B5-BABD-32D46D360AB1}"
EndProject
Project("{FAE04EC0-301F-11D3-BF4B-00C04F79EFBC}") = "Tyuiu.KochetovAP.Sprint0.Task4.V0.Lib", "Tyuiu.KochetovAP.Sprint0.Task4.V0.Lib\Tyuiu.KochetovAP.Sprint0.Task4.V0.Lib.csproj", "{440AA49E-3CF2-44D2-85ED-A7E17809C492}"
EndProject
Project("{FAE04EC0-301F-11D3-BF4B-00C04F79EFBC}") = "Tyuiu.KochetovAP.Sprint0.Task4.V0.Test", "Tyuiu.KochetovAP.Sprint0.Task4.V0.Test\Tyuiu.KochetovAP.Sprint0.Task4.V0.Test.csproj", "{D61FB395-02CB-4D88-A5BC-319D881242CD}"
EndProject
Project("{2150E333-8FDC-42A3-9474-1A3956D46DE8}") = "Task5", "Task5", "{CD898933-B4D9-4DEB-BF11-3AD21301F86E}"
EndProject
Project("{FAE04EC0-301F-11D3-BF4B-00C04F79EFBC}") = "Tyuiu.KochetovAP.Sprint0.Task5.V0", "Tyuiu.KochetovAP.Sprint0.Task5.V0\Tyuiu.KochetovAP.Sprint0.Task5.V0.csproj", "{2958867A-137D-45CC-8A32-CDAA876358B4}"
EndProject
Project("{FAE04EC0-301F-11D3-BF4B-00C04F79EFBC}") = "Tyuiu.KochetovAP.Sprint0.Task5.V0.Lib", "Tyuiu.KochetovAP.Sprint0.Task5.V0.Lib\Tyuiu.KochetovAP.Sprint0.Task5.V0.Lib.csproj", "{2F5D79BC-6F47-4D69-80F7-8392CE5CB32D}"
EndProject
Project("{FAE04EC0-301F-11D3-BF4B-00C04F79EFBC}") = "Tyuiu.KochetovAP.Sprint0.Task5.V0.Test", "Tyuiu.KochetovAP.Sprint0.Task5.V0.Test\Tyuiu.KochetovAP.Sprint0.Task5.V0.Test.csproj", "{5A686641-AD83-4737-82D1-174D35D30002}"
EndProject
Project("{2150E333-8FDC-42A3-9474-1A3956D46DE8}") = "Task6", "Task6", "{4CF0D90C-7917-4CE4-A0E6-7F2E6C9B09EE}"
EndProject
Project("{FAE04EC0-301F-11D3-BF4B-00C04F79EFBC}") = "Tyuiu.KochetovAP.Sprint0.Task6.V0", "Tyuiu.KochetovAP.Sprint0.Task6.V0\Tyuiu.KochetovAP.Sprint0.Task6.V0.csproj", "{FFFA0B97-B56B-4E9A-BFB9-77ED5BF2B94B}"
EndProject
Project("{FAE04EC0-301F-11D3-BF4B-00C04F79EFBC}") = "Tyuiu.KochetovAP.Sprint0.Task6.V0.Lib", "Tyuiu.KochetovAP.Sprint0.Task6.V0.Lib\Tyuiu.KochetovAP.Sprint0.Task6.V0.Lib.csproj", "{9FDC543E-A4E3-42DD-80D7-59BE98F6B175}"
EndProject
Project("{FAE04EC0-301F-11D3-BF4B-00C04F79EFBC}") = "Tyuiu.KochetovAP.Sprint0.Task6.V0.Test", "Tyuiu.KochetovAP.Sprint0.Task6.V0.Test\Tyuiu.KochetovAP.Sprint0.Task6.V0.Test.csproj", "{D7F0C7AB-C8DE-4306-9A8C-23053F70A85F}"
EndProject
Project("{2150E333-8FDC-42A3-9474-1A3956D46DE8}") = "Task7", "Task7", "{4C971EF6-B9EF-49B3-98A4-C8021ACA1931}"
EndProject
Project("{FAE04EC0-301F-11D3-BF4B-00C04F79EFBC}") = "Tyuiu.KochetovAP.Sprint0.Task7.V0", "Tyuiu.KochetovAP.Sprint0.Task7.V0\Tyuiu.KochetovAP.Sprint0.Task7.V0.csproj", "{E199D8A5-993F-4EED-AE52-528B462BBBD7}"
EndProject
Project("{FAE04EC0-301F-11D3-BF4B-00C04F79EFBC}") = "Tyuiu.KochetovAP.Sprint0.Task7.V0.Lib", "Tyuiu.KochetovAP.Sprint0.Task7.V0.Lib\Tyuiu.KochetovAP.Sprint0.Task7.V0.Lib.csproj", "{668D7922-EEAD-40D0-A052-D5A4ABCAF33D}"
EndProject
Project("{FAE04EC0-301F-11D3-BF4B-00C04F79EFBC}") = "Tyuiu.KochetovAP.Sprint0.Task7.V0.Test", "Tyuiu.KochetovAP.Sprint0.Task7.V0.Test\Tyuiu.KochetovAP.Sprint0.Task7.V0.Test.csproj", "{A02FA4AA-75E9-4F0D-BE23-53202FD6BE8B}"
EndProject
Project("{FAE04EC0-301F-11D3-BF4B-00C04F79EFBC}") = "Tyuiu.KocketovAP.Sprint0.Task2.V0", "Tyuiu.KocketovAP.Sprint0.Task2.V0\Tyuiu.KocketovAP.Sprint0.Task2.V0.csproj", "{077FF184-B506-43E2-AE3F-F97F32857ABD}"
EndProject
Project("{FAE04EC0-301F-11D3-BF4B-00C04F79EFBC}") = "Tyuiu.KochetovAP.Sprint0.Task2.V0.Lib", "Tyuiu.KochetovAP.Sprint0.Task2.V0.Lib\Tyuiu.KochetovAP.Sprint0.Task2.V0.Lib.csproj", "{11F71691-4499-495A-BD5A-DD4595A37B23}"
EndProject
Project("{FAE04EC0-301F-11D3-BF4B-00C04F79EFBC}") = "Tyuiu.KochetovAP.Sprint0.Task2.V0.Test", "Tyuiu.KochetovAP.Sprint0.Task2.V0.Test\Tyuiu.KochetovAP.Sprint0.Task2.V0.Test.csproj", "{8EE834E2-5149-4915-BF04-031E9055E5E1}"
EndProject
Global
	GlobalSection(SolutionConfigurationPlatforms) = preSolution
		Debug|Any CPU = Debug|Any CPU
		Release|Any CPU = Release|Any CPU
	EndGlobalSection
	GlobalSection(ProjectConfigurationPlatforms) = postSolution
		{78873879-50CC-4EA3-B7EC-C095A0301332}.Debug|Any CPU.ActiveCfg = Debug|Any CPU
		{78873879-50CC-4EA3-B7EC-C095A0301332}.Debug|Any CPU.Build.0 = Debug|Any CPU
		{78873879-50CC-4EA3-B7EC-C095A0301332}.Release|Any CPU.ActiveCfg = Release|Any CPU
		{78873879-50CC-4EA3-B7EC-C095A0301332}.Release|Any CPU.Build.0 = Release|Any CPU
		{52905852-D2A0-49E7-A539-2FC315456352}.Debug|Any CPU.ActiveCfg = Debug|Any CPU
		{52905852-D2A0-49E7-A539-2FC315456352}.Debug|Any CPU.Build.0 = Debug|Any CPU
		{52905852-D2A0-49E7-A539-2FC315456352}.Release|Any CPU.ActiveCfg = Release|Any CPU
		{52905852-D2A0-49E7-A539-2FC315456352}.Release|Any CPU.Build.0 = Release|Any CPU
		{4904EB9D-3CC7-419D-967D-34D0B33D2B96}.Debug|Any CPU.ActiveCfg = Debug|Any CPU
		{4904EB9D-3CC7-419D-967D-34D0B33D2B96}.Debug|Any CPU.Build.0 = Debug|Any CPU
		{4904EB9D-3CC7-419D-967D-34D0B33D2B96}.Release|Any CPU.ActiveCfg = Release|Any CPU
		{4904EB9D-3CC7-419D-967D-34D0B33D2B96}.Release|Any CPU.Build.0 = Release|Any CPU
		{2FD2FDCD-2F99-4E23-A08C-07381D222FA3}.Debug|Any CPU.ActiveCfg = Debug|Any CPU
		{2FD2FDCD-2F99-4E23-A08C-07381D222FA3}.Debug|Any CPU.Build.0 = Debug|Any CPU
		{2FD2FDCD-2F99-4E23-A08C-07381D222FA3}.Release|Any CPU.ActiveCfg = Release|Any CPU
		{2FD2FDCD-2F99-4E23-A08C-07381D222FA3}.Release|Any CPU.Build.0 = Release|Any CPU
		{C8C85CDF-BF5C-464C-90F0-2E449B8C67B0}.Debug|Any CPU.ActiveCfg = Debug|Any CPU
		{C8C85CDF-BF5C-464C-90F0-2E449B8C67B0}.Debug|Any CPU.Build.0 = Debug|Any CPU
		{C8C85CDF-BF5C-464C-90F0-2E449B8C67B0}.Release|Any CPU.ActiveCfg = Release|Any CPU
		{C8C85CDF-BF5C-464C-90F0-2E449B8C67B0}.Release|Any CPU.Build.0 = Release|Any CPU
		{022A720D-B005-40F0-928D-644EF9C6EB87}.Debug|Any CPU.ActiveCfg = Debug|Any CPU
		{022A720D-B005-40F0-928D-644EF9C6EB87}.Debug|Any CPU.Build.0 = Debug|Any CPU
		{022A720D-B005-40F0-928D-644EF9C6EB87}.Release|Any CPU.ActiveCfg = Release|Any CPU
		{022A720D-B005-40F0-928D-644EF9C6EB87}.Release|Any CPU.Build.0 = Release|Any CPU
		{87594427-4F5E-48B5-BABD-32D46D360AB1}.Debug|Any CPU.ActiveCfg = Debug|Any CPU
		{87594427-4F5E-48B5-BABD-32D46D360AB1}.Debug|Any CPU.Build.0 = Debug|Any CPU
		{87594427-4F5E-48B5-BABD-32D46D360AB1}.Release|Any CPU.ActiveCfg = Release|Any CPU
		{87594427-4F5E-48B5-BABD-32D46D360AB1}.Release|Any CPU.Build.0 = Release|Any CPU
		{440AA49E-3CF2-44D2-85ED-A7E17809C492}.Debug|Any CPU.ActiveCfg = Debug|Any CPU
		{440AA49E-3CF2-44D2-85ED-A7E17809C492}.Debug|Any CPU.Build.0 = Debug|Any CPU
		{440AA49E-3CF2-44D2-85ED-A7E17809C492}.Release|Any CPU.ActiveCfg = Release|Any CPU
		{440AA49E-3CF2-44D2-85ED-A7E17809C492}.Release|Any CPU.Build.0 = Release|Any CPU
		{D61FB395-02CB-4D88-A5BC-319D881242CD}.Debug|Any CPU.ActiveCfg = Debug|Any CPU
		{D61FB395-02CB-4D88-A5BC-319D881242CD}.Debug|Any CPU.Build.0 = Debug|Any CPU
		{D61FB395-02CB-4D88-A5BC-319D881242CD}.Release|Any CPU.ActiveCfg = Release|Any CPU
		{D61FB395-02CB-4D88-A5BC-319D881242CD}.Release|Any CPU.Build.0 = Release|Any CPU
		{2958867A-137D-45CC-8A32-CDAA876358B4}.Debug|Any CPU.ActiveCfg = Debug|Any CPU
		{2958867A-137D-45CC-8A32-CDAA876358B4}.Debug|Any CPU.Build.0 = Debug|Any CPU
		{2958867A-137D-45CC-8A32-CDAA876358B4}.Release|Any CPU.ActiveCfg = Release|Any CPU
		{2958867A-137D-45CC-8A32-CDAA876358B4}.Release|Any CPU.Build.0 = Release|Any CPU
		{2F5D79BC-6F47-4D69-80F7-8392CE5CB32D}.Debug|Any CPU.ActiveCfg = Debug|Any CPU
		{2F5D79BC-6F47-4D69-80F7-8392CE5CB32D}.Debug|Any CPU.Build.0 = Debug|Any CPU
		{2F5D79BC-6F47-4D69-80F7-8392CE5CB32D}.Release|Any CPU.ActiveCfg = Release|Any CPU
		{2F5D79BC-6F47-4D69-80F7-8392CE5CB32D}.Release|Any CPU.Build.0 = Release|Any CPU
		{5A686641-AD83-4737-82D1-174D35D30002}.Debug|Any CPU.ActiveCfg = Debug|Any CPU
		{5A686641-AD83-4737-82D1-174D35D30002}.Debug|Any CPU.Build.0 = Debug|Any CPU
		{5A686641-AD83-4737-82D1-174D35D30002}.Release|Any CPU.ActiveCfg = Release|Any CPU
		{5A686641-AD83-4737-82D1-174D35D30002}.Release|Any CPU.Build.0 = Release|Any CPU
		{FFFA0B97-B56B-4E9A-BFB9-77ED5BF2B94B}.Debug|Any CPU.ActiveCfg = Debug|Any CPU
		{FFFA0B97-B56B-4E9A-BFB9-77ED5BF2B94B}.Debug|Any CPU.Build.0 = Debug|Any CPU
		{FFFA0B97-B56B-4E9A-BFB9-77ED5BF2B94B}.Release|Any CPU.ActiveCfg = Release|Any CPU
		{FFFA0B97-B56B-4E9A-BFB9-77ED5BF2B94B}.Release|Any CPU.Build.0 = Release|Any CPU
		{9FDC543E-A4E3-42DD-80D7-59BE98F6B175}.Debug|Any CPU.ActiveCfg = Debug|Any CPU
		{9FDC543E-A4E3-42DD-80D7-59BE98F6B175}.Debug|Any CPU.Build.0 = Debug|Any CPU
		{9FDC543E-A4E3-42DD-80D7-59BE98F6B175}.Release|Any CPU.ActiveCfg = Release|Any CPU
		{9FDC543E-A4E3-42DD-80D7-59BE98F6B175}.Release|Any CPU.Build.0 = Release|Any CPU
		{D7F0C7AB-C8DE-4306-9A8C-23053F70A85F}.Debug|Any CPU.ActiveCfg = Debug|Any CPU
		{D7F0C7AB-C8DE-4306-9A8C-23053F70A85F}.Debug|Any CPU.Build.0 = Debug|Any CPU
		{D7F0C7AB-C8DE-4306-9A8C-23053F70A85F}.Release|Any CPU.ActiveCfg = Release|Any CPU
		{D7F0C7AB-C8DE-4306-9A8C-23053F70A85F}.Release|Any CPU.Build.0 = Release|Any CPU
		{E199D8A5-993F-4EED-AE52-528B462BBBD7}.Debug|Any CPU.ActiveCfg = Debug|Any CPU
		{E199D8A5-993F-4EED-AE52-528B462BBBD7}.Debug|Any CPU.Build.0 = Debug|Any CPU
		{E199D8A5-993F-4EED-AE52-528B462BBBD7}.Release|Any CPU.ActiveCfg = Release|Any CPU
		{E199D8A5-993F-4EED-AE52-528B462BBBD7}.Release|Any CPU.Build.0 = Release|Any CPU
		{668D7922-EEAD-40D0-A052-D5A4ABCAF33D}.Debug|Any CPU.ActiveCfg = Debug|Any CPU
		{668D7922-EEAD-40D0-A052-D5A4ABCAF33D}.Debug|Any CPU.Build.0 = Debug|Any CPU
		{668D7922-EEAD-40D0-A052-D5A4ABCAF33D}.Release|Any CPU.ActiveCfg = Release|Any CPU
		{668D7922-EEAD-40D0-A052-D5A4ABCAF33D}.Release|Any CPU.Build.0 = Release|Any CPU
		{A02FA4AA-75E9-4F0D-BE23-53202FD6BE8B}.Debug|Any CPU.ActiveCfg = Debug|Any CPU
		{A02FA4AA-75E9-4F0D-BE23-53202FD6BE8B}.Debug|Any CPU.Build.0 = Debug|Any CPU
		{A02FA4AA-75E9-4F0D-BE23-53202FD6BE8B}.Release|Any CPU.ActiveCfg = Release|Any CPU
		{A02FA4AA-75E9-4F0D-BE23-53202FD6BE8B}.Release|Any CPU.Build.0 = Release|Any CPU
		{077FF184-B506-43E2-AE3F-F97F32857ABD}.Debug|Any CPU.ActiveCfg = Debug|Any CPU
		{077FF184-B506-43E2-AE3F-F97F32857ABD}.Debug|Any CPU.Build.0 = Debug|Any CPU
		{077FF184-B506-43E2-AE3F-F97F32857ABD}.Release|Any CPU.ActiveCfg = Release|Any CPU
		{077FF184-B506-43E2-AE3F-F97F32857ABD}.Release|Any CPU.Build.0 = Release|Any CPU
		{11F71691-4499-495A-BD5A-DD4595A37B23}.Debug|Any CPU.ActiveCfg = Debug|Any CPU
		{11F71691-4499-495A-BD5A-DD4595A37B23}.Debug|Any CPU.Build.0 = Debug|Any CPU
		{11F71691-4499-495A-BD5A-DD4595A37B23}.Release|Any CPU.ActiveCfg = Release|Any CPU
		{11F71691-4499-495A-BD5A-DD4595A37B23}.Release|Any CPU.Build.0 = Release|Any CPU
		{8EE834E2-5149-4915-BF04-031E9055E5E1}.Debug|Any CPU.ActiveCfg = Debug|Any CPU
		{8EE834E2-5149-4915-BF04-031E9055E5E1}.Debug|Any CPU.Build.0 = Debug|Any CPU
		{8EE834E2-5149-4915-BF04-031E9055E5E1}.Release|Any CPU.ActiveCfg = Release|Any CPU
		{8EE834E2-5149-4915-BF04-031E9055E5E1}.Release|Any CPU.Build.0 = Release|Any CPU
	EndGlobalSection
	GlobalSection(SolutionProperties) = preSolution
		HideSolutionNode = FALSE
	EndGlobalSection
	GlobalSection(NestedProjects) = preSolution
		{78873879-50CC-4EA3-B7EC-C095A0301332} = {02EA681E-C7D8-13C7-8484-4AC65E1B71E8}
		{1DECC722-6A4C-4E0E-9A6D-CA73D454DD6A} = {02EA681E-C7D8-13C7-8484-4AC65E1B71E8}
		{52905852-D2A0-49E7-A539-2FC315456352} = {02EA681E-C7D8-13C7-8484-4AC65E1B71E8}
		{4904EB9D-3CC7-419D-967D-34D0B33D2B96} = {9BB22FE6-8FD8-466C-B97F-5681BF2DFD0E}
		{2FD2FDCD-2F99-4E23-A08C-07381D222FA3} = {7397224F-E1D9-4E59-9160-CF6CC4DBAA26}
		{C8C85CDF-BF5C-464C-90F0-2E449B8C67B0} = {7397224F-E1D9-4E59-9160-CF6CC4DBAA26}
		{022A720D-B005-40F0-928D-644EF9C6EB87} = {7397224F-E1D9-4E59-9160-CF6CC4DBAA26}
		{87594427-4F5E-48B5-BABD-32D46D360AB1} = {5414C1A1-E37A-4EE8-B369-3F190CE13E09}
		{440AA49E-3CF2-44D2-85ED-A7E17809C492} = {5414C1A1-E37A-4EE8-B369-3F190CE13E09}
		{D61FB395-02CB-4D88-A5BC-319D881242CD} = {5414C1A1-E37A-4EE8-B369-3F190CE13E09}
		{2958867A-137D-45CC-8A32-CDAA876358B4} = {CD898933-B4D9-4DEB-BF11-3AD21301F86E}
		{2F5D79BC-6F47-4D69-80F7-8392CE5CB32D} = {CD898933-B4D9-4DEB-BF11-3AD21301F86E}
		{5A686641-AD83-4737-82D1-174D35D30002} = {CD898933-B4D9-4DEB-BF11-3AD21301F86E}
		{FFFA0B97-B56B-4E9A-BFB9-77ED5BF2B94B} = {4CF0D90C-7917-4CE4-A0E6-7F2E6C9B09EE}
		{9FDC543E-A4E3-42DD-80D7-59BE98F6B175} = {4CF0D90C-7917-4CE4-A0E6-7F2E6C9B09EE}
		{D7F0C7AB-C8DE-4306-9A8C-23053F70A85F} = {4CF0D90C-7917-4CE4-A0E6-7F2E6C9B09EE}
		{E199D8A5-993F-4EED-AE52-528B462BBBD7} = {4C971EF6-B9EF-49B3-98A4-C8021ACA1931}
		{668D7922-EEAD-40D0-A052-D5A4ABCAF33D} = {4C971EF6-B9EF-49B3-98A4-C8021ACA1931}
		{A02FA4AA-75E9-4F0D-BE23-53202FD6BE8B} = {4C971EF6-B9EF-49B3-98A4-C8021ACA1931}
		{077FF184-B506-43E2-AE3F-F97F32857ABD} = {D83F4D13-ECB5-4701-9D04-22048A377DA5}
		{11F71691-4499-495A-BD5A-DD4595A37B23} = {D83F4D13-ECB5-4701-9D04-22048A377DA5}
		{8EE834E2-5149-4915-BF04-031E9055E5E1} = {D83F4D13-ECB5-4701-9D04-22048A377DA5}
	EndGlobalSection
	GlobalSection(ExtensibilityGlobals) = postSolution
		SolutionGuid = {4B7FF864-CB80-473D-A817-BC90C17255DF}
	EndGlobalSection
EndGlobal
